<?xml version="1.0" encoding="utf-8"?>
<Project ToolsVersion="4.0" xmlns="http://schemas.microsoft.com/developer/msbuild/2003">
  <ItemGroup>
    <Filter Include="Papaya">
      <UniqueIdentifier>{011796C9-EDB8-C09F-D673-D4F3C2B447F0}</UniqueIdentifier>
    </Filter>
  </ItemGroup>
  <ItemGroup>
    <ClInclude Include="src\Papaya.h" />
    <ClInclude Include="src\Papaya\Application.h">
      <Filter>Papaya</Filter>
    </ClInclude>
    <ClInclude Include="src\Papaya\Core.h">
      <Filter>Papaya</Filter>
    </ClInclude>
    <ClInclude Include="src\Papaya\EntryPoint.h">
      <Filter>Papaya</Filter>
    </ClInclude>
    <ClInclude Include="src\Papaya\Log.h">
      <Filter>Papaya</Filter>
    </ClInclude>
  </ItemGroup>
  <ItemGroup>
    <ClCompile Include="src\Papaya\Application.cpp">
      <Filter>Papaya</Filter>
    </ClCompile>
    <ClCompile Include="src\Papaya\Log.cpp">
      <Filter>Papaya</Filter>
    </ClCompile>
  </ItemGroup>
</Project>